
Microsoft Visual Studio Solution File, Format Version 12.00
# Visual Studio Version 16
VisualStudioVersion = 16.0.30011.22
MinimumVisualStudioVersion = 10.0.40219.1
Project("{FAE04EC0-301F-11D3-BF4B-00C04F79EFBC}") = "TesteGit", "TesteGit\TesteGit.csproj", "{6E386473-9D26-4F43-9E3C-0E3C1EAC6DC7}"
EndProject
Global
	GlobalSection(SolutionConfigurationPlatforms) = preSolution
		Debug|Any CPU = Debug|Any CPU
		Release|Any CPU = Release|Any CPU
	EndGlobalSection
	GlobalSection(ProjectConfigurationPlatforms) = postSolution
		{6E386473-9D26-4F43-9E3C-0E3C1EAC6DC7}.Debug|Any CPU.ActiveCfg = Debug|Any CPU
		{6E386473-9D26-4F43-9E3C-0E3C1EAC6DC7}.Debug|Any CPU.Build.0 = Debug|Any CPU
		{6E386473-9D26-4F43-9E3C-0E3C1EAC6DC7}.Release|Any CPU.ActiveCfg = Release|Any CPU
		{6E386473-9D26-4F43-9E3C-0E3C1EAC6DC7}.Release|Any CPU.Build.0 = Release|Any CPU
	EndGlobalSection
	GlobalSection(SolutionProperties) = preSolution
		HideSolutionNode = FALSE
	EndGlobalSection
	GlobalSection(ExtensibilityGlobals) = postSolution
		SolutionGuid = {0D30F315-587F-41E6-8E65-29DC6757DB10}
	EndGlobalSection
EndGlobal
